
Microsoft Visual Studio Solution File, Format Version 12.00
# Visual Studio 15
Project("{FAE04EC0-301F-11D3-BF4B-00C04F79EFBC}") = "NavMeshPlus", "NavMeshPlus.csproj", "{371D3F71-C9DF-BD93-424E-BDBCE12C0180}"
EndProject
Project("{FAE04EC0-301F-11D3-BF4B-00C04F79EFBC}") = "Ink-Libraries", "Ink-Libraries.csproj", "{DE8C26A3-01C4-8DEB-AAF6-CA67945E2371}"
EndProject
Project("{FAE04EC0-301F-11D3-BF4B-00C04F79EFBC}") = "RTLTMPro", "RTLTMPro.csproj", "{0ECB4F58-1938-3C9D-004E-165BB46B2A38}"
EndProject
Project("{FAE04EC0-301F-11D3-BF4B-00C04F79EFBC}") = "InkEditor", "InkEditor.csproj", "{13B8295F-98FE-04F2-0F07-AB635E7AD92B}"
EndProject
Project("{FAE04EC0-301F-11D3-BF4B-00C04F79EFBC}") = "NavMeshPlusEditor", "NavMeshPlusEditor.csproj", "{AD2F6609-CBAB-A2D1-A1A0-752985707F4F}"
EndProject
Project("{FAE04EC0-301F-11D3-BF4B-00C04F79EFBC}") = "Assembly-CSharp", "Assembly-CSharp.csproj", "{10453E1D-6522-9291-6ABD-86D1F3F0DEA7}"
EndProject
Project("{FAE04EC0-301F-11D3-BF4B-00C04F79EFBC}") = "RTLTMPro-Editor", "RTLTMPro-Editor.csproj", "{A20E6DED-F5BF-6EE5-7D84-9803E60ECB85}"
EndProject
Project("{FAE04EC0-301F-11D3-BF4B-00C04F79EFBC}") = "RTLTMPro-Tests", "RTLTMPro-Tests.csproj", "{4EAE81D1-ED0A-91C0-D1D4-ACD6A76248BE}"
EndProject
Global
	GlobalSection(SolutionConfigurationPlatforms) = preSolution
		Debug|Any CPU = Debug|Any CPU
		Release|Any CPU = Release|Any CPU
	EndGlobalSection
	GlobalSection(ProjectConfigurationPlatforms) = postSolution
		{371D3F71-C9DF-BD93-424E-BDBCE12C0180}.Debug|Any CPU.ActiveCfg = Debug|Any CPU
		{371D3F71-C9DF-BD93-424E-BDBCE12C0180}.Debug|Any CPU.Build.0 = Debug|Any CPU
		{371D3F71-C9DF-BD93-424E-BDBCE12C0180}.Release|Any CPU.ActiveCfg = Release|Any CPU
		{371D3F71-C9DF-BD93-424E-BDBCE12C0180}.Release|Any CPU.Build.0 = Release|Any CPU
		{DE8C26A3-01C4-8DEB-AAF6-CA67945E2371}.Debug|Any CPU.ActiveCfg = Debug|Any CPU
		{DE8C26A3-01C4-8DEB-AAF6-CA67945E2371}.Debug|Any CPU.Build.0 = Debug|Any CPU
		{DE8C26A3-01C4-8DEB-AAF6-CA67945E2371}.Release|Any CPU.ActiveCfg = Release|Any CPU
		{DE8C26A3-01C4-8DEB-AAF6-CA67945E2371}.Release|Any CPU.Build.0 = Release|Any CPU
		{0ECB4F58-1938-3C9D-004E-165BB46B2A38}.Debug|Any CPU.ActiveCfg = Debug|Any CPU
		{0ECB4F58-1938-3C9D-004E-165BB46B2A38}.Debug|Any CPU.Build.0 = Debug|Any CPU
		{0ECB4F58-1938-3C9D-004E-165BB46B2A38}.Release|Any CPU.ActiveCfg = Release|Any CPU
		{0ECB4F58-1938-3C9D-004E-165BB46B2A38}.Release|Any CPU.Build.0 = Release|Any CPU
		{13B8295F-98FE-04F2-0F07-AB635E7AD92B}.Debug|Any CPU.ActiveCfg = Debug|Any CPU
		{13B8295F-98FE-04F2-0F07-AB635E7AD92B}.Debug|Any CPU.Build.0 = Debug|Any CPU
		{13B8295F-98FE-04F2-0F07-AB635E7AD92B}.Release|Any CPU.ActiveCfg = Release|Any CPU
		{13B8295F-98FE-04F2-0F07-AB635E7AD92B}.Release|Any CPU.Build.0 = Release|Any CPU
		{AD2F6609-CBAB-A2D1-A1A0-752985707F4F}.Debug|Any CPU.ActiveCfg = Debug|Any CPU
		{AD2F6609-CBAB-A2D1-A1A0-752985707F4F}.Debug|Any CPU.Build.0 = Debug|Any CPU
		{AD2F6609-CBAB-A2D1-A1A0-752985707F4F}.Release|Any CPU.ActiveCfg = Release|Any CPU
		{AD2F6609-CBAB-A2D1-A1A0-752985707F4F}.Release|Any CPU.Build.0 = Release|Any CPU
		{10453E1D-6522-9291-6ABD-86D1F3F0DEA7}.Debug|Any CPU.ActiveCfg = Debug|Any CPU
		{10453E1D-6522-9291-6ABD-86D1F3F0DEA7}.Debug|Any CPU.Build.0 = Debug|Any CPU
		{10453E1D-6522-9291-6ABD-86D1F3F0DEA7}.Release|Any CPU.ActiveCfg = Release|Any CPU
		{10453E1D-6522-9291-6ABD-86D1F3F0DEA7}.Release|Any CPU.Build.0 = Release|Any CPU
		{A20E6DED-F5BF-6EE5-7D84-9803E60ECB85}.Debug|Any CPU.ActiveCfg = Debug|Any CPU
		{A20E6DED-F5BF-6EE5-7D84-9803E60ECB85}.Debug|Any CPU.Build.0 = Debug|Any CPU
		{A20E6DED-F5BF-6EE5-7D84-9803E60ECB85}.Release|Any CPU.ActiveCfg = Release|Any CPU
		{A20E6DED-F5BF-6EE5-7D84-9803E60ECB85}.Release|Any CPU.Build.0 = Release|Any CPU
		{4EAE81D1-ED0A-91C0-D1D4-ACD6A76248BE}.Debug|Any CPU.ActiveCfg = Debug|Any CPU
		{4EAE81D1-ED0A-91C0-D1D4-ACD6A76248BE}.Debug|Any CPU.Build.0 = Debug|Any CPU
		{4EAE81D1-ED0A-91C0-D1D4-ACD6A76248BE}.Release|Any CPU.ActiveCfg = Release|Any CPU
		{4EAE81D1-ED0A-91C0-D1D4-ACD6A76248BE}.Release|Any CPU.Build.0 = Release|Any CPU
	EndGlobalSection
	GlobalSection(SolutionProperties) = preSolution
		HideSolutionNode = FALSE
	EndGlobalSection
EndGlobal
